
Microsoft Visual Studio Solution File, Format Version 12.00
# Visual Studio 2012
Project("{FAE04EC0-301F-11D3-BF4B-00C04F79EFBC}") = "EzerLaMoreh", "EzerLaMoreh\EzerLaMoreh.csproj", "{D49E2061-81A2-4BAA-B73B-3147A0C501EC}"
EndProject
Project("{2150E333-8FDC-42A3-9474-1A3956D46DE8}") = "Models", "Models", "{1A75CA9B-5526-44D0-B418-94970E34FA84}"
EndProject
Project("{FAE04EC0-301F-11D3-BF4B-00C04F79EFBC}") = "Models", "Model\Models.csproj", "{58E1473A-80A3-4C5C-9E8B-B5982CC52AFB}"
EndProject
Project("{2150E333-8FDC-42A3-9474-1A3956D46DE8}") = "Common", "Common", "{A3BFFB8E-3E85-4264-B861-5C163FE3124B}"
EndProject
Project("{FAE04EC0-301F-11D3-BF4B-00C04F79EFBC}") = "Enums", "Enums\Enums.csproj", "{627B02B8-C015-4EE9-923C-918447AFB1DD}"
EndProject
Project("{2150E333-8FDC-42A3-9474-1A3956D46DE8}") = "Entity", "Entity", "{E290FE74-021E-4F81-964C-14AE125290B0}"
EndProject
Project("{FAE04EC0-301F-11D3-BF4B-00C04F79EFBC}") = "EzerLaMorehEntity", "EzerLaMorehEntity\EzerLaMorehEntity.csproj", "{336EDA79-287E-45F8-AEC4-122A99C059EA}"
EndProject
Project("{FAE04EC0-301F-11D3-BF4B-00C04F79EFBC}") = "Common", "CommonClasses\Common.csproj", "{94B72262-F742-473B-A00B-8FB007020012}"
EndProject
Project("{FAE04EC0-301F-11D3-BF4B-00C04F79EFBC}") = "Utilities", "Utilities\Utilities.csproj", "{5564E824-55F1-4069-B9A1-11EC5E4C1BAA}"
EndProject
Global
	GlobalSection(SolutionConfigurationPlatforms) = preSolution
		Debug|Any CPU = Debug|Any CPU
		Release|Any CPU = Release|Any CPU
	EndGlobalSection
	GlobalSection(ProjectConfigurationPlatforms) = postSolution
		{D49E2061-81A2-4BAA-B73B-3147A0C501EC}.Debug|Any CPU.ActiveCfg = Debug|Any CPU
		{D49E2061-81A2-4BAA-B73B-3147A0C501EC}.Debug|Any CPU.Build.0 = Debug|Any CPU
		{D49E2061-81A2-4BAA-B73B-3147A0C501EC}.Release|Any CPU.ActiveCfg = Release|Any CPU
		{D49E2061-81A2-4BAA-B73B-3147A0C501EC}.Release|Any CPU.Build.0 = Release|Any CPU
		{58E1473A-80A3-4C5C-9E8B-B5982CC52AFB}.Debug|Any CPU.ActiveCfg = Debug|Any CPU
		{58E1473A-80A3-4C5C-9E8B-B5982CC52AFB}.Debug|Any CPU.Build.0 = Debug|Any CPU
		{58E1473A-80A3-4C5C-9E8B-B5982CC52AFB}.Release|Any CPU.ActiveCfg = Release|Any CPU
		{58E1473A-80A3-4C5C-9E8B-B5982CC52AFB}.Release|Any CPU.Build.0 = Release|Any CPU
		{627B02B8-C015-4EE9-923C-918447AFB1DD}.Debug|Any CPU.ActiveCfg = Debug|Any CPU
		{627B02B8-C015-4EE9-923C-918447AFB1DD}.Debug|Any CPU.Build.0 = Debug|Any CPU
		{627B02B8-C015-4EE9-923C-918447AFB1DD}.Release|Any CPU.ActiveCfg = Release|Any CPU
		{627B02B8-C015-4EE9-923C-918447AFB1DD}.Release|Any CPU.Build.0 = Release|Any CPU
		{336EDA79-287E-45F8-AEC4-122A99C059EA}.Debug|Any CPU.ActiveCfg = Debug|Any CPU
		{336EDA79-287E-45F8-AEC4-122A99C059EA}.Debug|Any CPU.Build.0 = Debug|Any CPU
		{336EDA79-287E-45F8-AEC4-122A99C059EA}.Release|Any CPU.ActiveCfg = Release|Any CPU
		{336EDA79-287E-45F8-AEC4-122A99C059EA}.Release|Any CPU.Build.0 = Release|Any CPU
		{94B72262-F742-473B-A00B-8FB007020012}.Debug|Any CPU.ActiveCfg = Debug|Any CPU
		{94B72262-F742-473B-A00B-8FB007020012}.Debug|Any CPU.Build.0 = Debug|Any CPU
		{94B72262-F742-473B-A00B-8FB007020012}.Release|Any CPU.ActiveCfg = Release|Any CPU
		{94B72262-F742-473B-A00B-8FB007020012}.Release|Any CPU.Build.0 = Release|Any CPU
		{5564E824-55F1-4069-B9A1-11EC5E4C1BAA}.Debug|Any CPU.ActiveCfg = Debug|Any CPU
		{5564E824-55F1-4069-B9A1-11EC5E4C1BAA}.Debug|Any CPU.Build.0 = Debug|Any CPU
		{5564E824-55F1-4069-B9A1-11EC5E4C1BAA}.Release|Any CPU.ActiveCfg = Release|Any CPU
		{5564E824-55F1-4069-B9A1-11EC5E4C1BAA}.Release|Any CPU.Build.0 = Release|Any CPU
	EndGlobalSection
	GlobalSection(SolutionProperties) = preSolution
		HideSolutionNode = FALSE
	EndGlobalSection
	GlobalSection(NestedProjects) = preSolution
		{58E1473A-80A3-4C5C-9E8B-B5982CC52AFB} = {1A75CA9B-5526-44D0-B418-94970E34FA84}
		{627B02B8-C015-4EE9-923C-918447AFB1DD} = {A3BFFB8E-3E85-4264-B861-5C163FE3124B}
		{94B72262-F742-473B-A00B-8FB007020012} = {A3BFFB8E-3E85-4264-B861-5C163FE3124B}
		{5564E824-55F1-4069-B9A1-11EC5E4C1BAA} = {A3BFFB8E-3E85-4264-B861-5C163FE3124B}
		{336EDA79-287E-45F8-AEC4-122A99C059EA} = {E290FE74-021E-4F81-964C-14AE125290B0}
	EndGlobalSection
EndGlobal
